{
  "projects": [
    {
      "projectId": "seaQhLVS4bbjiGvJJrRwyL",
      "version": "15.0.3",
      "dependencies": {},
      "lang": "ts",
      "fileLocks": [
        {
          "assetId": "seaQhLVS4bbjiGvJJrRwyL",
          "type": "projectCss",
          "checksum": "dc88471beadb978e51eb3ceb75d10fdb"
        }
      ]
    },
    {
      "projectId": "geBadaQ9fZ99mVFF7H8pNR",
      "version": "latest",
      "dependencies": {
        "seaQhLVS4bbjiGvJJrRwyL": "15.0.3"
      },
      "lang": "ts",
      "fileLocks": [
        {
          "type": "globalVariant",
          "assetId": "gNXX8oXg_s5Jcj",
          "checksum": "6e08c76f08a4e3edab6b63b6ce641e43"
        },
        {
          "type": "renderModule",
          "assetId": "SIZOkQZTgxKvx",
          "checksum": "1b95ee72d6329cdc0c0e0634da9b76eb"
        },
        {
          "type": "cssRules",
          "assetId": "SIZOkQZTgxKvx",
          "checksum": "1b95ee72d6329cdc0c0e0634da9b76eb"
        },
        {
          "type": "renderModule",
          "assetId": "hEHYp6XIASA90",
          "checksum": "07f12b6292b64d2793080732c2e36e47"
        },
        {
          "type": "cssRules",
          "assetId": "hEHYp6XIASA90",
          "checksum": "07f12b6292b64d2793080732c2e36e47"
        },
        {
          "type": "renderModule",
          "assetId": "H-HiZn2QmJoPo",
          "checksum": "f419a78fac8a574278be3cf0e3bde86a"
        },
        {
          "type": "cssRules",
          "assetId": "H-HiZn2QmJoPo",
          "checksum": "f419a78fac8a574278be3cf0e3bde86a"
        },
        {
          "type": "renderModule",
          "assetId": "Ns4y52T64I8N_",
          "checksum": "72cfee38e2ba8a6d126dfac66c2d7daf"
        },
        {
          "type": "cssRules",
          "assetId": "Ns4y52T64I8N_",
          "checksum": "72cfee38e2ba8a6d126dfac66c2d7daf"
        },
        {
          "type": "renderModule",
          "assetId": "Z7WsHACddpdNH",
          "checksum": "3f09939a255507ab6139130cc6198bd5"
        },
        {
          "type": "cssRules",
          "assetId": "Z7WsHACddpdNH",
          "checksum": "3f09939a255507ab6139130cc6198bd5"
        },
        {
          "type": "renderModule",
          "assetId": "C0GpmRzG6iO6c",
          "checksum": "be6aea83fdd5c4316c0380dd8b5ef4ce"
        },
        {
          "type": "cssRules",
          "assetId": "C0GpmRzG6iO6c",
          "checksum": "be6aea83fdd5c4316c0380dd8b5ef4ce"
        },
        {
          "type": "renderModule",
          "assetId": "s266Uv42gMNsn",
          "checksum": "1132019f0bda6e50e0748c02dc21efac"
        },
        {
          "type": "cssRules",
          "assetId": "s266Uv42gMNsn",
          "checksum": "1132019f0bda6e50e0748c02dc21efac"
        },
        {
          "type": "renderModule",
          "assetId": "b9mdlhA0IcJ3A",
          "checksum": "9208c0c16ade0afc8a321ecd73444f71"
        },
        {
          "type": "cssRules",
          "assetId": "b9mdlhA0IcJ3A",
          "checksum": "9208c0c16ade0afc8a321ecd73444f71"
        },
        {
          "type": "renderModule",
          "assetId": "KdOUMdnuOkmbDL",
          "checksum": "f2e8a466ab9132ab2436d67b7fdfe710"
        },
        {
          "type": "cssRules",
          "assetId": "KdOUMdnuOkmbDL",
          "checksum": "f2e8a466ab9132ab2436d67b7fdfe710"
        },
        {
          "type": "renderModule",
          "assetId": "-FT1e2mTdcxRcK",
          "checksum": "b4d40567db8bd817c33f4787a1006947"
        },
        {
          "type": "cssRules",
          "assetId": "-FT1e2mTdcxRcK",
          "checksum": "b4d40567db8bd817c33f4787a1006947"
        },
        {
          "type": "renderModule",
          "assetId": "Lym6NaHNyX1wy6",
          "checksum": "449eec7a4644b36aca2465a8a7aba543"
        },
        {
          "type": "cssRules",
          "assetId": "Lym6NaHNyX1wy6",
          "checksum": "449eec7a4644b36aca2465a8a7aba543"
        },
        {
          "type": "renderModule",
          "assetId": "KFbMvQiTPR1iAn",
          "checksum": "53b738fb6c69b1661b3a4eec6183a28e"
        },
        {
          "type": "cssRules",
          "assetId": "KFbMvQiTPR1iAn",
          "checksum": "53b738fb6c69b1661b3a4eec6183a28e"
        },
        {
          "type": "renderModule",
          "assetId": "s5Bx9wPoEgLL6D",
          "checksum": "603f27522aa519c913757492012bea73"
        },
        {
          "type": "cssRules",
          "assetId": "s5Bx9wPoEgLL6D",
          "checksum": "603f27522aa519c913757492012bea73"
        },
        {
          "type": "renderModule",
          "assetId": "CtzKXifWMxjU12",
          "checksum": "9f8c20675663944c253beac629831aee"
        },
        {
          "type": "cssRules",
          "assetId": "CtzKXifWMxjU12",
          "checksum": "9f8c20675663944c253beac629831aee"
        },
        {
          "type": "renderModule",
          "assetId": "vBQb0HqoEzz0pd",
          "checksum": "b8849b153e555c0c741d339ae33ecb50"
        },
        {
          "type": "cssRules",
          "assetId": "vBQb0HqoEzz0pd",
          "checksum": "b8849b153e555c0c741d339ae33ecb50"
        },
        {
          "type": "renderModule",
          "assetId": "JGa7vdVggm",
          "checksum": "8422afc965c811414bffc0fcd6a2bc21"
        },
        {
          "type": "cssRules",
          "assetId": "JGa7vdVggm",
          "checksum": "8422afc965c811414bffc0fcd6a2bc21"
        },
        {
          "type": "image",
          "assetId": "QRuKQtFAL-Oi6O",
          "checksum": "51eee83a3721e36aa97c002f35b70314"
        },
        {
          "type": "image",
          "assetId": "lIlgT1PR9EoDN9",
          "checksum": "d385c95429c0508c1996bb0e8a525589"
        },
        {
          "type": "image",
          "assetId": "l3K2psAOODuK2c",
          "checksum": "46068a30ae466d0aa3a06c3530ebf041"
        },
        {
          "type": "image",
          "assetId": "Vak8PUwt_GF10l",
          "checksum": "a1eecc380e4ea918fdcc99c77e9d2139"
        },
        {
          "type": "image",
          "assetId": "I67vDQ4S5",
          "checksum": "a2711c11482dbd96ff424aa215dabf9b"
        },
        {
          "assetId": "geBadaQ9fZ99mVFF7H8pNR",
          "type": "projectCss",
          "checksum": "2356cd5816ee823d4193787bbda7ff4d"
        },
        {
          "type": "icon",
          "assetId": "V9XccLux454xH2",
          "checksum": "0a125b46761cb38c828930ee9d53ae93"
        },
        {
          "type": "icon",
          "assetId": "BxLgU8lX9W-o5B",
          "checksum": "783ffd94d6e0b40b607927888f71b716"
        },
        {
          "type": "icon",
          "assetId": "rqH6vg1KNoFf6C",
          "checksum": "4c4f94cc5340ae2e76fb3c329fa6e516"
        },
        {
          "type": "icon",
          "assetId": "QdC-D_GTe2CB-n",
          "checksum": "f340cab117ec4374e5f0d57cdb7357f5"
        },
        {
          "type": "icon",
          "assetId": "SZyD67exE_7e4i",
          "checksum": "16a67855284e7a0f1e6af1ae1d7dc862"
        },
        {
          "type": "icon",
          "assetId": "3KZQdp8n-tW9tQ",
          "checksum": "69bf1cfd29d512a695e650c5bd831570"
        },
        {
          "type": "icon",
          "assetId": "ppZwdlJufvxUlW",
          "checksum": "226f4caae8b4f451c94bb6d711dcef7b"
        },
        {
          "type": "icon",
          "assetId": "tsm7nHBg_mZV8F",
          "checksum": "f15bb87b8844e88b1117e41bf28ad407"
        },
        {
          "type": "icon",
          "assetId": "LuL2FUx_ud7rVo",
          "checksum": "8a69a3851e1172e6d4dbce5f2e038f90"
        },
        {
          "type": "icon",
          "assetId": "Y1-FB7LbyFjhIv",
          "checksum": "5998576ac344dd216ca12faec0ec969c"
        },
        {
          "type": "icon",
          "assetId": "ya2bl4dqGFqRkY",
          "checksum": "8935c080f688aa2d1918721e32831c44"
        },
        {
          "type": "icon",
          "assetId": "HVtbKJJHxCs-bn",
          "checksum": "8dca287c22c29f0b52b2e74f5fc9fa90"
        },
        {
          "type": "icon",
          "assetId": "IZOn1IJ91GUHc5",
          "checksum": "a48579a8d9c777817681e808eaee58b2"
        },
        {
          "type": "icon",
          "assetId": "XYiuTCJD0nlUMo",
          "checksum": "343330081f847b44cc9586f24a27f605"
        },
        {
          "type": "icon",
          "assetId": "rrhSmqxDNk10AA",
          "checksum": "f088749184fe0e8a94ea4c181736f39d"
        },
        {
          "type": "icon",
          "assetId": "k7VSDCCj1nkYDd",
          "checksum": "905952c223ab212a162066f57070f0bc"
        },
        {
          "type": "icon",
          "assetId": "Ro-0w2Sxf96NFG",
          "checksum": "dea1aecd40cc3f7e84f9fd8827598044"
        },
        {
          "type": "icon",
          "assetId": "WZcVg8Xye-rYYc",
          "checksum": "d3bc0a8b1dbdc99796f6aeea5f2402ff"
        },
        {
          "type": "icon",
          "assetId": "2xUGt-3yUAT_fc",
          "checksum": "c996a009c37ddfcde598a727709761ae"
        },
        {
          "type": "icon",
          "assetId": "NEuBQk7mp7",
          "checksum": "4609f85f9d94c8122974906655f7d951"
        }
      ]
    }
  ],
  "cliVersion": "0.1.152"
}
